
Microsoft Visual Studio Solution File, Format Version 12.00
# Visual Studio Version 17
VisualStudioVersion = 17.4.33205.214
MinimumVisualStudioVersion = 10.0.40219.1
Project("{FAE04EC0-301F-11D3-BF4B-00C04F79EFBC}") = "VigesimaTentativa", "VigesimaTentativa\VigesimaTentativa.csproj", "{D4DA2ECD-76F6-48CD-8133-EB3BDBCC13B2}"
EndProject
Global
	GlobalSection(SolutionConfigurationPlatforms) = preSolution
		Debug|Any CPU = Debug|Any CPU
		Release|Any CPU = Release|Any CPU
	EndGlobalSection
	GlobalSection(ProjectConfigurationPlatforms) = postSolution
		{D4DA2ECD-76F6-48CD-8133-EB3BDBCC13B2}.Debug|Any CPU.ActiveCfg = Debug|Any CPU
		{D4DA2ECD-76F6-48CD-8133-EB3BDBCC13B2}.Debug|Any CPU.Build.0 = Debug|Any CPU
		{D4DA2ECD-76F6-48CD-8133-EB3BDBCC13B2}.Release|Any CPU.ActiveCfg = Release|Any CPU
		{D4DA2ECD-76F6-48CD-8133-EB3BDBCC13B2}.Release|Any CPU.Build.0 = Release|Any CPU
	EndGlobalSection
	GlobalSection(SolutionProperties) = preSolution
		HideSolutionNode = FALSE
	EndGlobalSection
	GlobalSection(ExtensibilityGlobals) = postSolution
		SolutionGuid = {58657DC5-1742-4149-BDA8-CE750A67FDE6}
	EndGlobalSection
EndGlobal
